
Microsoft Visual Studio Solution File, Format Version 12.00
# Visual Studio 15
VisualStudioVersion = 15.0.26730.15
MinimumVisualStudioVersion = 10.0.40219.1
Project("{FAE04EC0-301F-11D3-BF4B-00C04F79EFBC}") = "WebApplication1", "WebApplication1\WebApplication1.csproj", "{91AAB357-CDDA-4B18-84E0-C7822B86D7FE}"
EndProject
Global
	GlobalSection(SolutionConfigurationPlatforms) = preSolution
		Debug|Any CPU = Debug|Any CPU
		Release|Any CPU = Release|Any CPU
	EndGlobalSection
	GlobalSection(ProjectConfigurationPlatforms) = postSolution
		{91AAB357-CDDA-4B18-84E0-C7822B86D7FE}.Debug|Any CPU.ActiveCfg = Debug|Any CPU
		{91AAB357-CDDA-4B18-84E0-C7822B86D7FE}.Debug|Any CPU.Build.0 = Debug|Any CPU
		{91AAB357-CDDA-4B18-84E0-C7822B86D7FE}.Release|Any CPU.ActiveCfg = Release|Any CPU
		{91AAB357-CDDA-4B18-84E0-C7822B86D7FE}.Release|Any CPU.Build.0 = Release|Any CPU
	EndGlobalSection
	GlobalSection(SolutionProperties) = preSolution
		HideSolutionNode = FALSE
	EndGlobalSection
	GlobalSection(ExtensibilityGlobals) = postSolution
		SolutionGuid = {7515AB49-2441-4E52-911C-2BB885FFC950}
	EndGlobalSection
EndGlobal
